
Microsoft Visual Studio Solution File, Format Version 12.00
# Visual Studio Version 17
VisualStudioVersion = 17.11.35327.3
MinimumVisualStudioVersion = 10.0.40219.1
Project("{FAE04EC0-301F-11D3-BF4B-00C04F79EFBC}") = "Mobile", "Mobile\Mobile.csproj", "{DEC09062-FFE3-4E1A-8AAC-69AB16EDD7FB}"
EndProject
Global
	GlobalSection(SolutionConfigurationPlatforms) = preSolution
		Debug|Any CPU = Debug|Any CPU
		Release|Any CPU = Release|Any CPU
	EndGlobalSection
	GlobalSection(ProjectConfigurationPlatforms) = postSolution
		{DEC09062-FFE3-4E1A-8AAC-69AB16EDD7FB}.Debug|Any CPU.ActiveCfg = Debug|Any CPU
		{DEC09062-FFE3-4E1A-8AAC-69AB16EDD7FB}.Debug|Any CPU.Build.0 = Debug|Any CPU
		{DEC09062-FFE3-4E1A-8AAC-69AB16EDD7FB}.Debug|Any CPU.Deploy.0 = Debug|Any CPU
		{DEC09062-FFE3-4E1A-8AAC-69AB16EDD7FB}.Release|Any CPU.ActiveCfg = Release|Any CPU
		{DEC09062-FFE3-4E1A-8AAC-69AB16EDD7FB}.Release|Any CPU.Build.0 = Release|Any CPU
		{DEC09062-FFE3-4E1A-8AAC-69AB16EDD7FB}.Release|Any CPU.Deploy.0 = Release|Any CPU
	EndGlobalSection
	GlobalSection(SolutionProperties) = preSolution
		HideSolutionNode = FALSE
	EndGlobalSection
	GlobalSection(ExtensibilityGlobals) = postSolution
		SolutionGuid = {89645D08-02CB-4524-89B1-ABF0A187EB26}
	EndGlobalSection
EndGlobal
