
Microsoft Visual Studio Solution File, Format Version 12.00
# Visual Studio Version 17
VisualStudioVersion = 17.11.35312.102
MinimumVisualStudioVersion = 10.0.40219.1
Project("{FAE04EC0-301F-11D3-BF4B-00C04F79EFBC}") = "Web", "Web\Web.csproj", "{FEF38001-E3AB-465B-A893-1A59CBB8D9CE}"
EndProject
Project("{2150E333-8FDC-42A3-9474-1A3956D46DE8}") = "src", "src", "{DC0189A3-626C-43F7-95FE-07A105AE9243}"
EndProject
Global
	GlobalSection(SolutionConfigurationPlatforms) = preSolution
		Debug|Any CPU = Debug|Any CPU
		Release|Any CPU = Release|Any CPU
	EndGlobalSection
	GlobalSection(ProjectConfigurationPlatforms) = postSolution
		{FEF38001-E3AB-465B-A893-1A59CBB8D9CE}.Debug|Any CPU.ActiveCfg = Debug|Any CPU
		{FEF38001-E3AB-465B-A893-1A59CBB8D9CE}.Debug|Any CPU.Build.0 = Debug|Any CPU
		{FEF38001-E3AB-465B-A893-1A59CBB8D9CE}.Release|Any CPU.ActiveCfg = Release|Any CPU
		{FEF38001-E3AB-465B-A893-1A59CBB8D9CE}.Release|Any CPU.Build.0 = Release|Any CPU
	EndGlobalSection
	GlobalSection(SolutionProperties) = preSolution
		HideSolutionNode = FALSE
	EndGlobalSection
	GlobalSection(NestedProjects) = preSolution
		{FEF38001-E3AB-465B-A893-1A59CBB8D9CE} = {DC0189A3-626C-43F7-95FE-07A105AE9243}
	EndGlobalSection
	GlobalSection(ExtensibilityGlobals) = postSolution
		SolutionGuid = {3D0A3D18-61FF-407F-B6B5-7A3265726755}
	EndGlobalSection
EndGlobal
