
Microsoft Visual Studio Solution File, Format Version 12.00
# Visual Studio Version 17
VisualStudioVersion = 17.11.35327.3
MinimumVisualStudioVersion = 10.0.40219.1
Project("{2150E333-8FDC-42A3-9474-1A3956D46DE8}") = "src", "src", "{996B0305-EE61-4C7A-AB45-47874431BE81}"
EndProject
Project("{9A19103F-16F7-4668-BE54-9A1E7A4F7556}") = "Domain", "Domain\Domain.csproj", "{10A59BF5-A00E-48A5-BEBE-A6B32CADDA0F}"
EndProject
Project("{9A19103F-16F7-4668-BE54-9A1E7A4F7556}") = "Tests", "Tests\Tests.csproj", "{DF18253B-EFE4-4019-B151-F8C88A7541BE}"
EndProject
Project("{9A19103F-16F7-4668-BE54-9A1E7A4F7556}") = "Infrastructure", "Infrastructure\Infrastructure.csproj", "{36C57101-5E0B-43D4-8866-1F5CE398F4DC}"
EndProject
Project("{9A19103F-16F7-4668-BE54-9A1E7A4F7556}") = "Applications", "Applications\Applications.csproj", "{4F686B55-0514-44E7-9637-77CAC0A9C957}"
EndProject
Project("{9A19103F-16F7-4668-BE54-9A1E7A4F7556}") = "Presentation", "Presentation\Presentation.csproj", "{A08C8830-23A0-4F06-B314-4A11BFC34DA1}"
EndProject
Global
	GlobalSection(SolutionConfigurationPlatforms) = preSolution
		Debug|Any CPU = Debug|Any CPU
		Release|Any CPU = Release|Any CPU
	EndGlobalSection
	GlobalSection(ProjectConfigurationPlatforms) = postSolution
		{10A59BF5-A00E-48A5-BEBE-A6B32CADDA0F}.Debug|Any CPU.ActiveCfg = Debug|Any CPU
		{10A59BF5-A00E-48A5-BEBE-A6B32CADDA0F}.Debug|Any CPU.Build.0 = Debug|Any CPU
		{10A59BF5-A00E-48A5-BEBE-A6B32CADDA0F}.Release|Any CPU.ActiveCfg = Release|Any CPU
		{10A59BF5-A00E-48A5-BEBE-A6B32CADDA0F}.Release|Any CPU.Build.0 = Release|Any CPU
		{DF18253B-EFE4-4019-B151-F8C88A7541BE}.Debug|Any CPU.ActiveCfg = Debug|Any CPU
		{DF18253B-EFE4-4019-B151-F8C88A7541BE}.Debug|Any CPU.Build.0 = Debug|Any CPU
		{DF18253B-EFE4-4019-B151-F8C88A7541BE}.Release|Any CPU.ActiveCfg = Release|Any CPU
		{DF18253B-EFE4-4019-B151-F8C88A7541BE}.Release|Any CPU.Build.0 = Release|Any CPU
		{36C57101-5E0B-43D4-8866-1F5CE398F4DC}.Debug|Any CPU.ActiveCfg = Debug|Any CPU
		{36C57101-5E0B-43D4-8866-1F5CE398F4DC}.Debug|Any CPU.Build.0 = Debug|Any CPU
		{36C57101-5E0B-43D4-8866-1F5CE398F4DC}.Release|Any CPU.ActiveCfg = Release|Any CPU
		{36C57101-5E0B-43D4-8866-1F5CE398F4DC}.Release|Any CPU.Build.0 = Release|Any CPU
		{4F686B55-0514-44E7-9637-77CAC0A9C957}.Debug|Any CPU.ActiveCfg = Debug|Any CPU
		{4F686B55-0514-44E7-9637-77CAC0A9C957}.Debug|Any CPU.Build.0 = Debug|Any CPU
		{4F686B55-0514-44E7-9637-77CAC0A9C957}.Release|Any CPU.ActiveCfg = Release|Any CPU
		{4F686B55-0514-44E7-9637-77CAC0A9C957}.Release|Any CPU.Build.0 = Release|Any CPU
		{A08C8830-23A0-4F06-B314-4A11BFC34DA1}.Debug|Any CPU.ActiveCfg = Debug|Any CPU
		{A08C8830-23A0-4F06-B314-4A11BFC34DA1}.Debug|Any CPU.Build.0 = Debug|Any CPU
		{A08C8830-23A0-4F06-B314-4A11BFC34DA1}.Release|Any CPU.ActiveCfg = Release|Any CPU
		{A08C8830-23A0-4F06-B314-4A11BFC34DA1}.Release|Any CPU.Build.0 = Release|Any CPU
	EndGlobalSection
	GlobalSection(SolutionProperties) = preSolution
		HideSolutionNode = FALSE
	EndGlobalSection
	GlobalSection(NestedProjects) = preSolution
		{10A59BF5-A00E-48A5-BEBE-A6B32CADDA0F} = {996B0305-EE61-4C7A-AB45-47874431BE81}
		{DF18253B-EFE4-4019-B151-F8C88A7541BE} = {996B0305-EE61-4C7A-AB45-47874431BE81}
		{36C57101-5E0B-43D4-8866-1F5CE398F4DC} = {996B0305-EE61-4C7A-AB45-47874431BE81}
		{4F686B55-0514-44E7-9637-77CAC0A9C957} = {996B0305-EE61-4C7A-AB45-47874431BE81}
		{A08C8830-23A0-4F06-B314-4A11BFC34DA1} = {996B0305-EE61-4C7A-AB45-47874431BE81}
	EndGlobalSection
	GlobalSection(ExtensibilityGlobals) = postSolution
		SolutionGuid = {7C288604-FD95-415A-8D50-0657346DA80E}
	EndGlobalSection
EndGlobal
