
Microsoft Visual Studio Solution File, Format Version 12.00
# Visual Studio Version 17
VisualStudioVersion = 17.11.35327.3
MinimumVisualStudioVersion = 10.0.40219.1
Project("{2150E333-8FDC-42A3-9474-1A3956D46DE8}") = "src", "src", "{2F384D10-E6BF-4F66-BDB6-51D0F33090F1}"
EndProject
Project("{2150E333-8FDC-42A3-9474-1A3956D46DE8}") = "1. Application", "1. Application", "{041C90F4-6271-4DDA-B7AD-EDA9BACCC51F}"
EndProject
Project("{2150E333-8FDC-42A3-9474-1A3956D46DE8}") = "2. Domain", "2. Domain", "{C4FDE4BD-2860-4EB7-A103-04EB6C19E365}"
EndProject
Project("{2150E333-8FDC-42A3-9474-1A3956D46DE8}") = "3. Infrastructure", "3. Infrastructure", "{C49BE88A-41BF-40E9-A65B-8AFF67365E97}"
EndProject
Project("{2150E333-8FDC-42A3-9474-1A3956D46DE8}") = "4. Presentation", "4. Presentation", "{B41B0A1E-25C5-4220-950D-E390DB6CFEA2}"
EndProject
Project("{2150E333-8FDC-42A3-9474-1A3956D46DE8}") = "5. UnitTest", "5. UnitTest", "{EEAB390A-4FF7-4B86-90DE-E170F0F2DBBF}"
EndProject
Project("{2150E333-8FDC-42A3-9474-1A3956D46DE8}") = "Interfaces", "Interfaces", "{9C353BAE-B948-4D16-B56E-FC6F6D74ECD8}"
EndProject
Project("{2150E333-8FDC-42A3-9474-1A3956D46DE8}") = "Services", "Services", "{53961149-670C-4477-AAEE-92042B76067E}"
EndProject
Project("{2150E333-8FDC-42A3-9474-1A3956D46DE8}") = "Entities", "Entities", "{05557FEA-5D23-433D-87EA-8711A3D93A8E}"
EndProject
Project("{2150E333-8FDC-42A3-9474-1A3956D46DE8}") = "Interfaces", "Interfaces", "{1B523B1F-A615-4B22-B285-69A315C976D7}"
EndProject
Project("{2150E333-8FDC-42A3-9474-1A3956D46DE8}") = "Data", "Data", "{9C599FD5-87E2-4CA4-AA9F-190F04F591ED}"
EndProject
Project("{2150E333-8FDC-42A3-9474-1A3956D46DE8}") = "Repositories", "Repositories", "{0231671A-AD76-4C8D-B000-A07B1618AD67}"
EndProject
Project("{2150E333-8FDC-42A3-9474-1A3956D46DE8}") = "Forms", "Forms", "{A3EF5AAD-2244-4732-B42C-69362543B728}"
EndProject
Project("{2150E333-8FDC-42A3-9474-1A3956D46DE8}") = "Web", "Web", "{ECB5E591-FE39-4C21-8BA1-EFFC85DDDFB5}"
EndProject
Project("{2150E333-8FDC-42A3-9474-1A3956D46DE8}") = "Mobile", "Mobile", "{570D70E7-1595-4A6D-B4A3-12315292AF8F}"
EndProject
Project("{FAE04EC0-301F-11D3-BF4B-00C04F79EFBC}") = "Application.Interfaces", "Application.Interfaces\Application.Interfaces.csproj", "{61B13D2B-3C57-45C1-BFAB-1269EA11DB57}"
EndProject
Project("{FAE04EC0-301F-11D3-BF4B-00C04F79EFBC}") = "Application.Services", "Application.Services\Application.Services.csproj", "{832795FF-9D9B-417D-8D52-FAD70D6B97FC}"
EndProject
Project("{FAE04EC0-301F-11D3-BF4B-00C04F79EFBC}") = "Domain.Interfaces", "Domain.Interfaces\Domain.Interfaces.csproj", "{EF08D46E-E6A8-4268-A43D-D5CDE069E151}"
EndProject
Project("{FAE04EC0-301F-11D3-BF4B-00C04F79EFBC}") = "Domain.Entities", "Domain.Entities\Domain.Entities.csproj", "{49EAB3DD-F1AD-4B65-AA3B-FBF31BB1D9ED}"
EndProject
Project("{FAE04EC0-301F-11D3-BF4B-00C04F79EFBC}") = "Infrastructure.Data", "Infrastructure.Data\Infrastructure.Data.csproj", "{E689D544-0B9A-4821-B06A-BEE17C9BA171}"
EndProject
Project("{FAE04EC0-301F-11D3-BF4B-00C04F79EFBC}") = "Infrastructure.Repositories", "Infrastructure.Repositories\Infrastructure.Repositories.csproj", "{C212803D-9C31-4C10-981A-B97760F839AF}"
EndProject
Project("{FAE04EC0-301F-11D3-BF4B-00C04F79EFBC}") = "Web.CleanArchitecture", "Web.CleanArchitecture\Web.CleanArchitecture.csproj", "{D43CA465-E9D0-4B9C-A7B2-FD0CB3BCA4B6}"
EndProject
Project("{FAE04EC0-301F-11D3-BF4B-00C04F79EFBC}") = "Forms.CleanArchitecture", "Forms.CleanArchitecture\Forms.CleanArchitecture.csproj", "{4E408CF9-AFAE-4F50-BF28-12B13D0C9AB6}"
EndProject
Project("{FAE04EC0-301F-11D3-BF4B-00C04F79EFBC}") = "UnitTest.CleanArchitecture", "UnitTest.CleanArchitecture\UnitTest.CleanArchitecture.csproj", "{C0B940B1-B7FD-4138-889D-2371F7DB72D0}"
EndProject
Global
	GlobalSection(SolutionConfigurationPlatforms) = preSolution
		Debug|Any CPU = Debug|Any CPU
		Release|Any CPU = Release|Any CPU
	EndGlobalSection
	GlobalSection(ProjectConfigurationPlatforms) = postSolution
		{61B13D2B-3C57-45C1-BFAB-1269EA11DB57}.Debug|Any CPU.ActiveCfg = Debug|Any CPU
		{61B13D2B-3C57-45C1-BFAB-1269EA11DB57}.Debug|Any CPU.Build.0 = Debug|Any CPU
		{61B13D2B-3C57-45C1-BFAB-1269EA11DB57}.Release|Any CPU.ActiveCfg = Release|Any CPU
		{61B13D2B-3C57-45C1-BFAB-1269EA11DB57}.Release|Any CPU.Build.0 = Release|Any CPU
		{832795FF-9D9B-417D-8D52-FAD70D6B97FC}.Debug|Any CPU.ActiveCfg = Debug|Any CPU
		{832795FF-9D9B-417D-8D52-FAD70D6B97FC}.Debug|Any CPU.Build.0 = Debug|Any CPU
		{832795FF-9D9B-417D-8D52-FAD70D6B97FC}.Release|Any CPU.ActiveCfg = Release|Any CPU
		{832795FF-9D9B-417D-8D52-FAD70D6B97FC}.Release|Any CPU.Build.0 = Release|Any CPU
		{EF08D46E-E6A8-4268-A43D-D5CDE069E151}.Debug|Any CPU.ActiveCfg = Debug|Any CPU
		{EF08D46E-E6A8-4268-A43D-D5CDE069E151}.Debug|Any CPU.Build.0 = Debug|Any CPU
		{EF08D46E-E6A8-4268-A43D-D5CDE069E151}.Release|Any CPU.ActiveCfg = Release|Any CPU
		{EF08D46E-E6A8-4268-A43D-D5CDE069E151}.Release|Any CPU.Build.0 = Release|Any CPU
		{49EAB3DD-F1AD-4B65-AA3B-FBF31BB1D9ED}.Debug|Any CPU.ActiveCfg = Debug|Any CPU
		{49EAB3DD-F1AD-4B65-AA3B-FBF31BB1D9ED}.Debug|Any CPU.Build.0 = Debug|Any CPU
		{49EAB3DD-F1AD-4B65-AA3B-FBF31BB1D9ED}.Release|Any CPU.ActiveCfg = Release|Any CPU
		{49EAB3DD-F1AD-4B65-AA3B-FBF31BB1D9ED}.Release|Any CPU.Build.0 = Release|Any CPU
		{E689D544-0B9A-4821-B06A-BEE17C9BA171}.Debug|Any CPU.ActiveCfg = Debug|Any CPU
		{E689D544-0B9A-4821-B06A-BEE17C9BA171}.Debug|Any CPU.Build.0 = Debug|Any CPU
		{E689D544-0B9A-4821-B06A-BEE17C9BA171}.Release|Any CPU.ActiveCfg = Release|Any CPU
		{E689D544-0B9A-4821-B06A-BEE17C9BA171}.Release|Any CPU.Build.0 = Release|Any CPU
		{C212803D-9C31-4C10-981A-B97760F839AF}.Debug|Any CPU.ActiveCfg = Debug|Any CPU
		{C212803D-9C31-4C10-981A-B97760F839AF}.Debug|Any CPU.Build.0 = Debug|Any CPU
		{C212803D-9C31-4C10-981A-B97760F839AF}.Release|Any CPU.ActiveCfg = Release|Any CPU
		{C212803D-9C31-4C10-981A-B97760F839AF}.Release|Any CPU.Build.0 = Release|Any CPU
		{D43CA465-E9D0-4B9C-A7B2-FD0CB3BCA4B6}.Debug|Any CPU.ActiveCfg = Debug|Any CPU
		{D43CA465-E9D0-4B9C-A7B2-FD0CB3BCA4B6}.Debug|Any CPU.Build.0 = Debug|Any CPU
		{D43CA465-E9D0-4B9C-A7B2-FD0CB3BCA4B6}.Release|Any CPU.ActiveCfg = Release|Any CPU
		{D43CA465-E9D0-4B9C-A7B2-FD0CB3BCA4B6}.Release|Any CPU.Build.0 = Release|Any CPU
		{4E408CF9-AFAE-4F50-BF28-12B13D0C9AB6}.Debug|Any CPU.ActiveCfg = Debug|Any CPU
		{4E408CF9-AFAE-4F50-BF28-12B13D0C9AB6}.Debug|Any CPU.Build.0 = Debug|Any CPU
		{4E408CF9-AFAE-4F50-BF28-12B13D0C9AB6}.Release|Any CPU.ActiveCfg = Release|Any CPU
		{4E408CF9-AFAE-4F50-BF28-12B13D0C9AB6}.Release|Any CPU.Build.0 = Release|Any CPU
		{C0B940B1-B7FD-4138-889D-2371F7DB72D0}.Debug|Any CPU.ActiveCfg = Debug|Any CPU
		{C0B940B1-B7FD-4138-889D-2371F7DB72D0}.Debug|Any CPU.Build.0 = Debug|Any CPU
		{C0B940B1-B7FD-4138-889D-2371F7DB72D0}.Release|Any CPU.ActiveCfg = Release|Any CPU
		{C0B940B1-B7FD-4138-889D-2371F7DB72D0}.Release|Any CPU.Build.0 = Release|Any CPU
	EndGlobalSection
	GlobalSection(SolutionProperties) = preSolution
		HideSolutionNode = FALSE
	EndGlobalSection
	GlobalSection(NestedProjects) = preSolution
		{041C90F4-6271-4DDA-B7AD-EDA9BACCC51F} = {2F384D10-E6BF-4F66-BDB6-51D0F33090F1}
		{C4FDE4BD-2860-4EB7-A103-04EB6C19E365} = {2F384D10-E6BF-4F66-BDB6-51D0F33090F1}
		{C49BE88A-41BF-40E9-A65B-8AFF67365E97} = {2F384D10-E6BF-4F66-BDB6-51D0F33090F1}
		{B41B0A1E-25C5-4220-950D-E390DB6CFEA2} = {2F384D10-E6BF-4F66-BDB6-51D0F33090F1}
		{EEAB390A-4FF7-4B86-90DE-E170F0F2DBBF} = {2F384D10-E6BF-4F66-BDB6-51D0F33090F1}
		{9C353BAE-B948-4D16-B56E-FC6F6D74ECD8} = {041C90F4-6271-4DDA-B7AD-EDA9BACCC51F}
		{53961149-670C-4477-AAEE-92042B76067E} = {041C90F4-6271-4DDA-B7AD-EDA9BACCC51F}
		{05557FEA-5D23-433D-87EA-8711A3D93A8E} = {C4FDE4BD-2860-4EB7-A103-04EB6C19E365}
		{1B523B1F-A615-4B22-B285-69A315C976D7} = {C4FDE4BD-2860-4EB7-A103-04EB6C19E365}
		{9C599FD5-87E2-4CA4-AA9F-190F04F591ED} = {C49BE88A-41BF-40E9-A65B-8AFF67365E97}
		{0231671A-AD76-4C8D-B000-A07B1618AD67} = {C49BE88A-41BF-40E9-A65B-8AFF67365E97}
		{A3EF5AAD-2244-4732-B42C-69362543B728} = {B41B0A1E-25C5-4220-950D-E390DB6CFEA2}
		{ECB5E591-FE39-4C21-8BA1-EFFC85DDDFB5} = {B41B0A1E-25C5-4220-950D-E390DB6CFEA2}
		{570D70E7-1595-4A6D-B4A3-12315292AF8F} = {B41B0A1E-25C5-4220-950D-E390DB6CFEA2}
		{61B13D2B-3C57-45C1-BFAB-1269EA11DB57} = {9C353BAE-B948-4D16-B56E-FC6F6D74ECD8}
		{832795FF-9D9B-417D-8D52-FAD70D6B97FC} = {53961149-670C-4477-AAEE-92042B76067E}
		{EF08D46E-E6A8-4268-A43D-D5CDE069E151} = {1B523B1F-A615-4B22-B285-69A315C976D7}
		{49EAB3DD-F1AD-4B65-AA3B-FBF31BB1D9ED} = {05557FEA-5D23-433D-87EA-8711A3D93A8E}
		{E689D544-0B9A-4821-B06A-BEE17C9BA171} = {9C599FD5-87E2-4CA4-AA9F-190F04F591ED}
		{C212803D-9C31-4C10-981A-B97760F839AF} = {0231671A-AD76-4C8D-B000-A07B1618AD67}
		{D43CA465-E9D0-4B9C-A7B2-FD0CB3BCA4B6} = {ECB5E591-FE39-4C21-8BA1-EFFC85DDDFB5}
		{4E408CF9-AFAE-4F50-BF28-12B13D0C9AB6} = {A3EF5AAD-2244-4732-B42C-69362543B728}
		{C0B940B1-B7FD-4138-889D-2371F7DB72D0} = {EEAB390A-4FF7-4B86-90DE-E170F0F2DBBF}
	EndGlobalSection
	GlobalSection(ExtensibilityGlobals) = postSolution
		SolutionGuid = {85E9C6DD-B6C3-446F-BA4A-2B61DFCDB94D}
	EndGlobalSection
EndGlobal
