
Microsoft Visual Studio Solution File, Format Version 12.00
# Visual Studio Version 17
VisualStudioVersion = 17.11.35312.102
MinimumVisualStudioVersion = 10.0.40219.1
Project("{9A19103F-16F7-4668-BE54-9A1E7A4F7556}") = "Desktop", "Desktop.csproj", "{264748AA-6234-4E4C-A88E-0F500C51F2EC}"
EndProject
Global
	GlobalSection(SolutionConfigurationPlatforms) = preSolution
		Debug|Any CPU = Debug|Any CPU
		Release|Any CPU = Release|Any CPU
	EndGlobalSection
	GlobalSection(ProjectConfigurationPlatforms) = postSolution
		{264748AA-6234-4E4C-A88E-0F500C51F2EC}.Debug|Any CPU.ActiveCfg = Debug|Any CPU
		{264748AA-6234-4E4C-A88E-0F500C51F2EC}.Debug|Any CPU.Build.0 = Debug|Any CPU
		{264748AA-6234-4E4C-A88E-0F500C51F2EC}.Release|Any CPU.ActiveCfg = Release|Any CPU
		{264748AA-6234-4E4C-A88E-0F500C51F2EC}.Release|Any CPU.Build.0 = Release|Any CPU
	EndGlobalSection
	GlobalSection(SolutionProperties) = preSolution
		HideSolutionNode = FALSE
	EndGlobalSection
	GlobalSection(ExtensibilityGlobals) = postSolution
		SolutionGuid = {4CCC4D82-269A-4310-A1D0-150D1D9C6A98}
	EndGlobalSection
EndGlobal
