
Microsoft Visual Studio Solution File, Format Version 12.00
# Visual Studio Version 17
VisualStudioVersion = 17.11.35312.102
MinimumVisualStudioVersion = 10.0.40219.1
Project("{9A19103F-16F7-4668-BE54-9A1E7A4F7556}") = "Desktop", "Desktop\Desktop.csproj", "{75B57A9A-62C1-4454-8D49-413D02CE5F55}"
EndProject
Project("{2150E333-8FDC-42A3-9474-1A3956D46DE8}") = "src", "src", "{7003C214-D95D-4894-A11D-B3FDD23FFD5A}"
EndProject
Project("{FAE04EC0-301F-11D3-BF4B-00C04F79EFBC}") = "Util", "Util\Util.csproj", "{8FCEECDB-C34F-4143-9F81-97EE496F6AE6}"
EndProject
Project("{FAE04EC0-301F-11D3-BF4B-00C04F79EFBC}") = "Model", "Model\Model.csproj", "{C2430E52-3F16-43EF-8A36-5A53C7F2F381}"
EndProject
Global
	GlobalSection(SolutionConfigurationPlatforms) = preSolution
		Debug|Any CPU = Debug|Any CPU
		Release|Any CPU = Release|Any CPU
	EndGlobalSection
	GlobalSection(ProjectConfigurationPlatforms) = postSolution
		{75B57A9A-62C1-4454-8D49-413D02CE5F55}.Debug|Any CPU.ActiveCfg = Debug|Any CPU
		{75B57A9A-62C1-4454-8D49-413D02CE5F55}.Debug|Any CPU.Build.0 = Debug|Any CPU
		{75B57A9A-62C1-4454-8D49-413D02CE5F55}.Release|Any CPU.ActiveCfg = Release|Any CPU
		{75B57A9A-62C1-4454-8D49-413D02CE5F55}.Release|Any CPU.Build.0 = Release|Any CPU
		{8FCEECDB-C34F-4143-9F81-97EE496F6AE6}.Debug|Any CPU.ActiveCfg = Debug|Any CPU
		{8FCEECDB-C34F-4143-9F81-97EE496F6AE6}.Debug|Any CPU.Build.0 = Debug|Any CPU
		{8FCEECDB-C34F-4143-9F81-97EE496F6AE6}.Release|Any CPU.ActiveCfg = Release|Any CPU
		{8FCEECDB-C34F-4143-9F81-97EE496F6AE6}.Release|Any CPU.Build.0 = Release|Any CPU
		{C2430E52-3F16-43EF-8A36-5A53C7F2F381}.Debug|Any CPU.ActiveCfg = Debug|Any CPU
		{C2430E52-3F16-43EF-8A36-5A53C7F2F381}.Debug|Any CPU.Build.0 = Debug|Any CPU
		{C2430E52-3F16-43EF-8A36-5A53C7F2F381}.Release|Any CPU.ActiveCfg = Release|Any CPU
		{C2430E52-3F16-43EF-8A36-5A53C7F2F381}.Release|Any CPU.Build.0 = Release|Any CPU
	EndGlobalSection
	GlobalSection(SolutionProperties) = preSolution
		HideSolutionNode = FALSE
	EndGlobalSection
	GlobalSection(NestedProjects) = preSolution
		{75B57A9A-62C1-4454-8D49-413D02CE5F55} = {7003C214-D95D-4894-A11D-B3FDD23FFD5A}
		{8FCEECDB-C34F-4143-9F81-97EE496F6AE6} = {7003C214-D95D-4894-A11D-B3FDD23FFD5A}
		{C2430E52-3F16-43EF-8A36-5A53C7F2F381} = {7003C214-D95D-4894-A11D-B3FDD23FFD5A}
	EndGlobalSection
	GlobalSection(ExtensibilityGlobals) = postSolution
		SolutionGuid = {4CCC4D82-269A-4310-A1D0-150D1D9C6A98}
	EndGlobalSection
EndGlobal
