
Microsoft Visual Studio Solution File, Format Version 12.00
# Visual Studio Version 17
VisualStudioVersion = 17.11.35327.3
MinimumVisualStudioVersion = 10.0.40219.1
Project("{2150E333-8FDC-42A3-9474-1A3956D46DE8}") = "src", "src", "{996B0305-EE61-4C7A-AB45-47874431BE81}"
EndProject
Project("{9A19103F-16F7-4668-BE54-9A1E7A4F7556}") = "Desktop", "Desktop\Desktop.csproj", "{7EF06A62-7C33-48D5-9826-059BCFD9C997}"
EndProject
Project("{9A19103F-16F7-4668-BE54-9A1E7A4F7556}") = "Util", "Util\Util.csproj", "{8874DA1E-7A47-42BA-B19C-5847D12EC27C}"
EndProject
Project("{9A19103F-16F7-4668-BE54-9A1E7A4F7556}") = "TesteUnitario", "TesteUnitario\TesteUnitario.csproj", "{26CCBC06-262A-485F-9082-9D82D430FD3C}"
EndProject
Project("{9A19103F-16F7-4668-BE54-9A1E7A4F7556}") = "Repository", "Repository\Repository.csproj", "{A2FD2189-3D4B-4816-84C3-F39443940D4D}"
EndProject
Project("{9A19103F-16F7-4668-BE54-9A1E7A4F7556}") = "Domain", "Domain\Domain.csproj", "{10A59BF5-A00E-48A5-BEBE-A6B32CADDA0F}"
EndProject
Global
	GlobalSection(SolutionConfigurationPlatforms) = preSolution
		Debug|Any CPU = Debug|Any CPU
		Release|Any CPU = Release|Any CPU
	EndGlobalSection
	GlobalSection(ProjectConfigurationPlatforms) = postSolution
		{7EF06A62-7C33-48D5-9826-059BCFD9C997}.Debug|Any CPU.ActiveCfg = Debug|Any CPU
		{7EF06A62-7C33-48D5-9826-059BCFD9C997}.Debug|Any CPU.Build.0 = Debug|Any CPU
		{7EF06A62-7C33-48D5-9826-059BCFD9C997}.Release|Any CPU.ActiveCfg = Release|Any CPU
		{7EF06A62-7C33-48D5-9826-059BCFD9C997}.Release|Any CPU.Build.0 = Release|Any CPU
		{8874DA1E-7A47-42BA-B19C-5847D12EC27C}.Debug|Any CPU.ActiveCfg = Debug|Any CPU
		{8874DA1E-7A47-42BA-B19C-5847D12EC27C}.Debug|Any CPU.Build.0 = Debug|Any CPU
		{8874DA1E-7A47-42BA-B19C-5847D12EC27C}.Release|Any CPU.ActiveCfg = Release|Any CPU
		{8874DA1E-7A47-42BA-B19C-5847D12EC27C}.Release|Any CPU.Build.0 = Release|Any CPU
		{26CCBC06-262A-485F-9082-9D82D430FD3C}.Debug|Any CPU.ActiveCfg = Debug|Any CPU
		{26CCBC06-262A-485F-9082-9D82D430FD3C}.Debug|Any CPU.Build.0 = Debug|Any CPU
		{26CCBC06-262A-485F-9082-9D82D430FD3C}.Release|Any CPU.ActiveCfg = Release|Any CPU
		{26CCBC06-262A-485F-9082-9D82D430FD3C}.Release|Any CPU.Build.0 = Release|Any CPU
		{A2FD2189-3D4B-4816-84C3-F39443940D4D}.Debug|Any CPU.ActiveCfg = Debug|Any CPU
		{A2FD2189-3D4B-4816-84C3-F39443940D4D}.Debug|Any CPU.Build.0 = Debug|Any CPU
		{A2FD2189-3D4B-4816-84C3-F39443940D4D}.Release|Any CPU.ActiveCfg = Release|Any CPU
		{A2FD2189-3D4B-4816-84C3-F39443940D4D}.Release|Any CPU.Build.0 = Release|Any CPU
		{10A59BF5-A00E-48A5-BEBE-A6B32CADDA0F}.Debug|Any CPU.ActiveCfg = Debug|Any CPU
		{10A59BF5-A00E-48A5-BEBE-A6B32CADDA0F}.Debug|Any CPU.Build.0 = Debug|Any CPU
		{10A59BF5-A00E-48A5-BEBE-A6B32CADDA0F}.Release|Any CPU.ActiveCfg = Release|Any CPU
		{10A59BF5-A00E-48A5-BEBE-A6B32CADDA0F}.Release|Any CPU.Build.0 = Release|Any CPU
	EndGlobalSection
	GlobalSection(SolutionProperties) = preSolution
		HideSolutionNode = FALSE
	EndGlobalSection
	GlobalSection(NestedProjects) = preSolution
		{7EF06A62-7C33-48D5-9826-059BCFD9C997} = {996B0305-EE61-4C7A-AB45-47874431BE81}
		{8874DA1E-7A47-42BA-B19C-5847D12EC27C} = {996B0305-EE61-4C7A-AB45-47874431BE81}
		{26CCBC06-262A-485F-9082-9D82D430FD3C} = {996B0305-EE61-4C7A-AB45-47874431BE81}
		{A2FD2189-3D4B-4816-84C3-F39443940D4D} = {996B0305-EE61-4C7A-AB45-47874431BE81}
		{10A59BF5-A00E-48A5-BEBE-A6B32CADDA0F} = {996B0305-EE61-4C7A-AB45-47874431BE81}
	EndGlobalSection
	GlobalSection(ExtensibilityGlobals) = postSolution
		SolutionGuid = {7C288604-FD95-415A-8D50-0657346DA80E}
	EndGlobalSection
EndGlobal
